<?xml version="1.0" encoding="utf-8"?>
<Project ToolsVersion="4.0" xmlns="http://schemas.microsoft.com/developer/msbuild/2003">
  <ItemGroup>
    <Filter Include="Source files">
      <UniqueIdentifier>{f51c55f4-c85e-4c8b-81ac-560258ec7401}</UniqueIdentifier>
      <Extensions>cpp;c;cc;cxx;def;odl;idl;hpj;bat;asm;asmx</Extensions>
    </Filter>
    <Filter Include="Header files">
      <UniqueIdentifier>{4ad0fed4-9d79-4434-85bc-b913134fbc3b}</UniqueIdentifier>
      <Extensions>h;hpp;hxx;hm;inl;inc;xsd</Extensions>
    </Filter>
    <Filter Include="Resource files">
      <UniqueIdentifier>{101f56b4-f42e-402a-8eb5-100141cc919d}</UniqueIdentifier>
      <Extensions>rc;ico;cur;bmp;dlg;rc2;rct;bin;rgs;gif;jpg;jpeg;jpe;resx;tiff;tif;png;wav</Extensions>
    </Filter>
    <Filter Include="Source files\Device-specific files">
      <UniqueIdentifier>{b0569441-7b76-4d7b-bdc4-3861858a69db}</UniqueIdentifier>
    </Filter>
    <Filter Include="Header files\Device-specific files">
      <UniqueIdentifier>{98e763b2-52bc-4864-bb69-9b3941754452}</UniqueIdentifier>
    </Filter>
    <Filter Include="VisualGDB settings">
      <UniqueIdentifier>{226fe81c-d80f-4711-9722-fddca2ab0883}</UniqueIdentifier>
    </Filter>
    <Filter Include="stm32h7">
      <UniqueIdentifier>{cf38aaad-b6d1-4717-a995-fa185cd0f1e1}</UniqueIdentifier>
    </Filter>
    <Filter Include="stm32h7\Device">
      <UniqueIdentifier>{cb46eb28-56a9-4ae4-a65b-2c79e6ba801b}</UniqueIdentifier>
    </Filter>
    <Filter Include="stm32h7\Device\cmsis">
      <UniqueIdentifier>{02f3bd6a-b810-42c8-a377-12a3302cfb27}</UniqueIdentifier>
    </Filter>
    <Filter Include="stm32h7\Device\cmsis\core">
      <UniqueIdentifier>{e35bb145-6de7-43d1-9fc7-6e4519bd911f}</UniqueIdentifier>
    </Filter>
    <Filter Include="stm32h7\Device\cmsis\core\include">
      <UniqueIdentifier>{3b39d28b-cb5e-4be9-95a2-2697fcc8c8d9}</UniqueIdentifier>
    </Filter>
    <Filter Include="stm32h7\Device\conf">
      <UniqueIdentifier>{c553fea8-d073-412d-8958-c8ac5eca2ce7}</UniqueIdentifier>
    </Filter>
    <Filter Include="stm32h7\Device\include">
      <UniqueIdentifier>{b96f26e3-7d75-4005-9d68-c7110a00102d}</UniqueIdentifier>
    </Filter>
    <Filter Include="stm32h7\Device\startup">
      <UniqueIdentifier>{d59de553-00da-46f6-b39e-889dd815afcd}</UniqueIdentifier>
    </Filter>
    <Filter Include="stm32h7\Device\sys">
      <UniqueIdentifier>{6238a7cc-a01e-4014-aa4a-af96c89a7ba4}</UniqueIdentifier>
    </Filter>
    <Filter Include="stm32h7\STM32H7xx_HAL_Driver">
      <UniqueIdentifier>{06e39c8a-905c-4f29-adc9-0f0dbb81e06e}</UniqueIdentifier>
    </Filter>
    <Filter Include="stm32h7\STM32H7xx_HAL_Driver\Inc">
      <UniqueIdentifier>{676a78b9-c7e7-41a0-aaed-96d73059625c}</UniqueIdentifier>
    </Filter>
    <Filter Include="stm32h7\STM32H7xx_HAL_Driver\Inc\Legacy">
      <UniqueIdentifier>{0f790ca5-dcff-4017-b638-ca01afdcad10}</UniqueIdentifier>
    </Filter>
    <Filter Include="stm32h7\STM32H7xx_HAL_Driver\Src">
      <UniqueIdentifier>{52f6569d-6524-4c42-90c6-beec8c59c19b}</UniqueIdentifier>
    </Filter>
  </ItemGroup>
  <ItemGroup>
    <ClCompile Include="LEDBlink.cpp">
      <Filter>Source files</Filter>
    </ClCompile>
    <None Include="stm32.props">
      <Filter>Source files\Device-specific files</Filter>
    </None>
    <None Include="STM32H7-Debug.vgdbsettings">
      <Filter>VisualGDB settings</Filter>
    </None>
    <None Include="STM32H7-Release.vgdbsettings">
      <Filter>VisualGDB settings</Filter>
    </None>
    <None Include="stm32.xml">
      <Filter>VisualGDB settings</Filter>
    </None>
    <ClInclude Include="..\..\..\..\..\..\lib\stm32hal_h7\stm32h7\Device\cmsis\core\include\cmsis_compiler.h">
      <Filter>stm32h7\Device\cmsis\core\include</Filter>
    </ClInclude>
    <ClInclude Include="..\..\..\..\..\..\lib\stm32hal_h7\stm32h7\Device\cmsis\core\include\cmsis_gcc.h">
      <Filter>stm32h7\Device\cmsis\core\include</Filter>
    </ClInclude>
    <ClInclude Include="..\..\..\..\..\..\lib\stm32hal_h7\stm32h7\Device\cmsis\core\include\cmsis_version.h">
      <Filter>stm32h7\Device\cmsis\core\include</Filter>
    </ClInclude>
    <ClInclude Include="..\..\..\..\..\..\lib\stm32hal_h7\stm32h7\Device\cmsis\core\include\core_cm7.h">
      <Filter>stm32h7\Device\cmsis\core\include</Filter>
    </ClInclude>
    <ClInclude Include="..\..\..\..\..\..\lib\stm32hal_h7\stm32h7\Device\cmsis\core\include\mpu_armv7.h">
      <Filter>stm32h7\Device\cmsis\core\include</Filter>
    </ClInclude>
    <ClInclude Include="..\..\..\..\..\..\lib\stm32hal_h7\stm32h7\Device\conf\stm32h7xx_hal_conf.h">
      <Filter>stm32h7\Device\conf</Filter>
    </ClInclude>
    <ClInclude Include="..\..\..\..\..\..\lib\stm32hal_h7\stm32h7\Device\include\stm32h7xx.h">
      <Filter>stm32h7\Device\include</Filter>
    </ClInclude>
    <ClCompile Include="..\..\..\..\..\..\lib\stm32hal_h7\stm32h7\Device\startup\startup_stm32h743xx.c">
      <Filter>stm32h7\Device\startup</Filter>
    </ClCompile>
    <ClCompile Include="..\..\..\..\..\..\lib\stm32hal_h7\stm32h7\Device\sys\system_stm32h7xx.c">
      <Filter>stm32h7\Device\sys</Filter>
    </ClCompile>
    <ClInclude Include="..\..\..\..\..\..\lib\stm32hal_h7\stm32h7\Device\sys\system_stm32h7xx.h">
      <Filter>stm32h7\Device\sys</Filter>
    </ClInclude>
    <ClInclude Include="..\..\..\..\..\..\lib\stm32hal_h7\stm32h7\STM32H7xx_HAL_Driver\Inc\stm32h7xx_hal.h">
      <Filter>stm32h7\STM32H7xx_HAL_Driver\Inc</Filter>
    </ClInclude>
    <ClInclude Include="..\..\..\..\..\..\lib\stm32hal_h7\stm32h7\STM32H7xx_HAL_Driver\Inc\stm32h7xx_hal_adc.h">
      <Filter>stm32h7\STM32H7xx_HAL_Driver\Inc</Filter>
    </ClInclude>
    <ClInclude Include="..\..\..\..\..\..\lib\stm32hal_h7\stm32h7\STM32H7xx_HAL_Driver\Inc\stm32h7xx_hal_adc_ex.h">
      <Filter>stm32h7\STM32H7xx_HAL_Driver\Inc</Filter>
    </ClInclude>
    <ClInclude Include="..\..\..\..\..\..\lib\stm32hal_h7\stm32h7\STM32H7xx_HAL_Driver\Inc\stm32h7xx_hal_cec.h">
      <Filter>stm32h7\STM32H7xx_HAL_Driver\Inc</Filter>
    </ClInclude>
    <ClInclude Include="..\..\..\..\..\..\lib\stm32hal_h7\stm32h7\STM32H7xx_HAL_Driver\Inc\stm32h7xx_hal_comp.h">
      <Filter>stm32h7\STM32H7xx_HAL_Driver\Inc</Filter>
    </ClInclude>
    <ClInclude Include="..\..\..\..\..\..\lib\stm32hal_h7\stm32h7\STM32H7xx_HAL_Driver\Inc\stm32h7xx_hal_cortex.h">
      <Filter>stm32h7\STM32H7xx_HAL_Driver\Inc</Filter>
    </ClInclude>
    <ClInclude Include="..\..\..\..\..\..\lib\stm32hal_h7\stm32h7\STM32H7xx_HAL_Driver\Inc\stm32h7xx_hal_crc.h">
      <Filter>stm32h7\STM32H7xx_HAL_Driver\Inc</Filter>
    </ClInclude>
    <ClInclude Include="..\..\..\..\..\..\lib\stm32hal_h7\stm32h7\STM32H7xx_HAL_Driver\Inc\stm32h7xx_hal_crc_ex.h">
      <Filter>stm32h7\STM32H7xx_HAL_Driver\Inc</Filter>
    </ClInclude>
    <ClInclude Include="..\..\..\..\..\..\lib\stm32hal_h7\stm32h7\STM32H7xx_HAL_Driver\Inc\stm32h7xx_hal_cryp.h">
      <Filter>stm32h7\STM32H7xx_HAL_Driver\Inc</Filter>
    </ClInclude>
    <ClInclude Include="..\..\..\..\..\..\lib\stm32hal_h7\stm32h7\STM32H7xx_HAL_Driver\Inc\stm32h7xx_hal_cryp_ex.h">
      <Filter>stm32h7\STM32H7xx_HAL_Driver\Inc</Filter>
    </ClInclude>
    <ClInclude Include="..\..\..\..\..\..\lib\stm32hal_h7\stm32h7\STM32H7xx_HAL_Driver\Inc\stm32h7xx_hal_dac.h">
      <Filter>stm32h7\STM32H7xx_HAL_Driver\Inc</Filter>
    </ClInclude>
    <ClInclude Include="..\..\..\..\..\..\lib\stm32hal_h7\stm32h7\STM32H7xx_HAL_Driver\Inc\stm32h7xx_hal_dac_ex.h">
      <Filter>stm32h7\STM32H7xx_HAL_Driver\Inc</Filter>
    </ClInclude>
    <ClInclude Include="..\..\..\..\..\..\lib\stm32hal_h7\stm32h7\STM32H7xx_HAL_Driver\Inc\stm32h7xx_hal_dcmi.h">
      <Filter>stm32h7\STM32H7xx_HAL_Driver\Inc</Filter>
    </ClInclude>
    <ClInclude Include="..\..\..\..\..\..\lib\stm32hal_h7\stm32h7\STM32H7xx_HAL_Driver\Inc\stm32h7xx_hal_def.h">
      <Filter>stm32h7\STM32H7xx_HAL_Driver\Inc</Filter>
    </ClInclude>
    <ClInclude Include="..\..\..\..\..\..\lib\stm32hal_h7\stm32h7\STM32H7xx_HAL_Driver\Inc\stm32h7xx_hal_dfsdm.h">
      <Filter>stm32h7\STM32H7xx_HAL_Driver\Inc</Filter>
    </ClInclude>
    <ClInclude Include="..\..\..\..\..\..\lib\stm32hal_h7\stm32h7\STM32H7xx_HAL_Driver\Inc\stm32h7xx_hal_dma.h">
      <Filter>stm32h7\STM32H7xx_HAL_Driver\Inc</Filter>
    </ClInclude>
    <ClInclude Include="..\..\..\..\..\..\lib\stm32hal_h7\stm32h7\STM32H7xx_HAL_Driver\Inc\stm32h7xx_hal_dma2d.h">
      <Filter>stm32h7\STM32H7xx_HAL_Driver\Inc</Filter>
    </ClInclude>
    <ClInclude Include="..\..\..\..\..\..\lib\stm32hal_h7\stm32h7\STM32H7xx_HAL_Driver\Inc\stm32h7xx_hal_dma_ex.h">
      <Filter>stm32h7\STM32H7xx_HAL_Driver\Inc</Filter>
    </ClInclude>
    <ClInclude Include="..\..\..\..\..\..\lib\stm32hal_h7\stm32h7\STM32H7xx_HAL_Driver\Inc\stm32h7xx_hal_dsi.h">
      <Filter>stm32h7\STM32H7xx_HAL_Driver\Inc</Filter>
    </ClInclude>
    <ClInclude Include="..\..\..\..\..\..\lib\stm32hal_h7\stm32h7\STM32H7xx_HAL_Driver\Inc\stm32h7xx_hal_eth.h">
      <Filter>stm32h7\STM32H7xx_HAL_Driver\Inc</Filter>
    </ClInclude>
    <ClInclude Include="..\..\..\..\..\..\lib\stm32hal_h7\stm32h7\STM32H7xx_HAL_Driver\Inc\stm32h7xx_hal_eth_ex.h">
      <Filter>stm32h7\STM32H7xx_HAL_Driver\Inc</Filter>
    </ClInclude>
    <ClInclude Include="..\..\..\..\..\..\lib\stm32hal_h7\stm32h7\STM32H7xx_HAL_Driver\Inc\stm32h7xx_hal_exti.h">
      <Filter>stm32h7\STM32H7xx_HAL_Driver\Inc</Filter>
    </ClInclude>
    <ClInclude Include="..\..\..\..\..\..\lib\stm32hal_h7\stm32h7\STM32H7xx_HAL_Driver\Inc\stm32h7xx_hal_fdcan.h">
      <Filter>stm32h7\STM32H7xx_HAL_Driver\Inc</Filter>
    </ClInclude>
    <ClInclude Include="..\..\..\..\..\..\lib\stm32hal_h7\stm32h7\STM32H7xx_HAL_Driver\Inc\stm32h7xx_hal_flash.h">
      <Filter>stm32h7\STM32H7xx_HAL_Driver\Inc</Filter>
    </ClInclude>
    <ClInclude Include="..\..\..\..\..\..\lib\stm32hal_h7\stm32h7\STM32H7xx_HAL_Driver\Inc\stm32h7xx_hal_flash_ex.h">
      <Filter>stm32h7\STM32H7xx_HAL_Driver\Inc</Filter>
    </ClInclude>
    <ClInclude Include="..\..\..\..\..\..\lib\stm32hal_h7\stm32h7\STM32H7xx_HAL_Driver\Inc\stm32h7xx_hal_gpio.h">
      <Filter>stm32h7\STM32H7xx_HAL_Driver\Inc</Filter>
    </ClInclude>
    <ClInclude Include="..\..\..\..\..\..\lib\stm32hal_h7\stm32h7\STM32H7xx_HAL_Driver\Inc\stm32h7xx_hal_gpio_ex.h">
      <Filter>stm32h7\STM32H7xx_HAL_Driver\Inc</Filter>
    </ClInclude>
    <ClInclude Include="..\..\..\..\..\..\lib\stm32hal_h7\stm32h7\STM32H7xx_HAL_Driver\Inc\stm32h7xx_hal_hash.h">
      <Filter>stm32h7\STM32H7xx_HAL_Driver\Inc</Filter>
    </ClInclude>
    <ClInclude Include="..\..\..\..\..\..\lib\stm32hal_h7\stm32h7\STM32H7xx_HAL_Driver\Inc\stm32h7xx_hal_hash_ex.h">
      <Filter>stm32h7\STM32H7xx_HAL_Driver\Inc</Filter>
    </ClInclude>
    <ClInclude Include="..\..\..\..\..\..\lib\stm32hal_h7\stm32h7\STM32H7xx_HAL_Driver\Inc\stm32h7xx_hal_hcd.h">
      <Filter>stm32h7\STM32H7xx_HAL_Driver\Inc</Filter>
    </ClInclude>
    <ClInclude Include="..\..\..\..\..\..\lib\stm32hal_h7\stm32h7\STM32H7xx_HAL_Driver\Inc\stm32h7xx_hal_hrtim.h">
      <Filter>stm32h7\STM32H7xx_HAL_Driver\Inc</Filter>
    </ClInclude>
    <ClInclude Include="..\..\..\..\..\..\lib\stm32hal_h7\stm32h7\STM32H7xx_HAL_Driver\Inc\stm32h7xx_hal_hsem.h">
      <Filter>stm32h7\STM32H7xx_HAL_Driver\Inc</Filter>
    </ClInclude>
    <ClInclude Include="..\..\..\..\..\..\lib\stm32hal_h7\stm32h7\STM32H7xx_HAL_Driver\Inc\stm32h7xx_hal_i2c.h">
      <Filter>stm32h7\STM32H7xx_HAL_Driver\Inc</Filter>
    </ClInclude>
    <ClInclude Include="..\..\..\..\..\..\lib\stm32hal_h7\stm32h7\STM32H7xx_HAL_Driver\Inc\stm32h7xx_hal_i2c_ex.h">
      <Filter>stm32h7\STM32H7xx_HAL_Driver\Inc</Filter>
    </ClInclude>
    <ClInclude Include="..\..\..\..\..\..\lib\stm32hal_h7\stm32h7\STM32H7xx_HAL_Driver\Inc\stm32h7xx_hal_i2s.h">
      <Filter>stm32h7\STM32H7xx_HAL_Driver\Inc</Filter>
    </ClInclude>
    <ClInclude Include="..\..\..\..\..\..\lib\stm32hal_h7\stm32h7\STM32H7xx_HAL_Driver\Inc\stm32h7xx_hal_i2s_ex.h">
      <Filter>stm32h7\STM32H7xx_HAL_Driver\Inc</Filter>
    </ClInclude>
    <ClInclude Include="..\..\..\..\..\..\lib\stm32hal_h7\stm32h7\STM32H7xx_HAL_Driver\Inc\stm32h7xx_hal_irda.h">
      <Filter>stm32h7\STM32H7xx_HAL_Driver\Inc</Filter>
    </ClInclude>
    <ClInclude Include="..\..\..\..\..\..\lib\stm32hal_h7\stm32h7\STM32H7xx_HAL_Driver\Inc\stm32h7xx_hal_irda_ex.h">
      <Filter>stm32h7\STM32H7xx_HAL_Driver\Inc</Filter>
    </ClInclude>
    <ClInclude Include="..\..\..\..\..\..\lib\stm32hal_h7\stm32h7\STM32H7xx_HAL_Driver\Inc\stm32h7xx_hal_iwdg.h">
      <Filter>stm32h7\STM32H7xx_HAL_Driver\Inc</Filter>
    </ClInclude>
    <ClInclude Include="..\..\..\..\..\..\lib\stm32hal_h7\stm32h7\STM32H7xx_HAL_Driver\Inc\stm32h7xx_hal_jpeg.h">
      <Filter>stm32h7\STM32H7xx_HAL_Driver\Inc</Filter>
    </ClInclude>
    <ClInclude Include="..\..\..\..\..\..\lib\stm32hal_h7\stm32h7\STM32H7xx_HAL_Driver\Inc\stm32h7xx_hal_lptim.h">
      <Filter>stm32h7\STM32H7xx_HAL_Driver\Inc</Filter>
    </ClInclude>
    <ClInclude Include="..\..\..\..\..\..\lib\stm32hal_h7\stm32h7\STM32H7xx_HAL_Driver\Inc\stm32h7xx_hal_ltdc.h">
      <Filter>stm32h7\STM32H7xx_HAL_Driver\Inc</Filter>
    </ClInclude>
    <ClInclude Include="..\..\..\..\..\..\lib\stm32hal_h7\stm32h7\STM32H7xx_HAL_Driver\Inc\stm32h7xx_hal_ltdc_ex.h">
      <Filter>stm32h7\STM32H7xx_HAL_Driver\Inc</Filter>
    </ClInclude>
    <ClInclude Include="..\..\..\..\..\..\lib\stm32hal_h7\stm32h7\STM32H7xx_HAL_Driver\Inc\stm32h7xx_hal_mdios.h">
      <Filter>stm32h7\STM32H7xx_HAL_Driver\Inc</Filter>
    </ClInclude>
    <ClInclude Include="..\..\..\..\..\..\lib\stm32hal_h7\stm32h7\STM32H7xx_HAL_Driver\Inc\stm32h7xx_hal_mdma.h">
      <Filter>stm32h7\STM32H7xx_HAL_Driver\Inc</Filter>
    </ClInclude>
    <ClInclude Include="..\..\..\..\..\..\lib\stm32hal_h7\stm32h7\STM32H7xx_HAL_Driver\Inc\stm32h7xx_hal_mmc.h">
      <Filter>stm32h7\STM32H7xx_HAL_Driver\Inc</Filter>
    </ClInclude>
    <ClInclude Include="..\..\..\..\..\..\lib\stm32hal_h7\stm32h7\STM32H7xx_HAL_Driver\Inc\stm32h7xx_hal_mmc_ex.h">
      <Filter>stm32h7\STM32H7xx_HAL_Driver\Inc</Filter>
    </ClInclude>
    <ClInclude Include="..\..\..\..\..\..\lib\stm32hal_h7\stm32h7\STM32H7xx_HAL_Driver\Inc\stm32h7xx_hal_nand.h">
      <Filter>stm32h7\STM32H7xx_HAL_Driver\Inc</Filter>
    </ClInclude>
    <ClInclude Include="..\..\..\..\..\..\lib\stm32hal_h7\stm32h7\STM32H7xx_HAL_Driver\Inc\stm32h7xx_hal_nor.h">
      <Filter>stm32h7\STM32H7xx_HAL_Driver\Inc</Filter>
    </ClInclude>
    <ClInclude Include="..\..\..\..\..\..\lib\stm32hal_h7\stm32h7\STM32H7xx_HAL_Driver\Inc\stm32h7xx_hal_opamp.h">
      <Filter>stm32h7\STM32H7xx_HAL_Driver\Inc</Filter>
    </ClInclude>
    <ClInclude Include="..\..\..\..\..\..\lib\stm32hal_h7\stm32h7\STM32H7xx_HAL_Driver\Inc\stm32h7xx_hal_opamp_ex.h">
      <Filter>stm32h7\STM32H7xx_HAL_Driver\Inc</Filter>
    </ClInclude>
    <ClInclude Include="..\..\..\..\..\..\lib\stm32hal_h7\stm32h7\STM32H7xx_HAL_Driver\Inc\stm32h7xx_hal_pcd.h">
      <Filter>stm32h7\STM32H7xx_HAL_Driver\Inc</Filter>
    </ClInclude>
    <ClInclude Include="..\..\..\..\..\..\lib\stm32hal_h7\stm32h7\STM32H7xx_HAL_Driver\Inc\stm32h7xx_hal_pcd_ex.h">
      <Filter>stm32h7\STM32H7xx_HAL_Driver\Inc</Filter>
    </ClInclude>
    <ClInclude Include="..\..\..\..\..\..\lib\stm32hal_h7\stm32h7\STM32H7xx_HAL_Driver\Inc\stm32h7xx_hal_pwr.h">
      <Filter>stm32h7\STM32H7xx_HAL_Driver\Inc</Filter>
    </ClInclude>
    <ClInclude Include="..\..\..\..\..\..\lib\stm32hal_h7\stm32h7\STM32H7xx_HAL_Driver\Inc\stm32h7xx_hal_pwr_ex.h">
      <Filter>stm32h7\STM32H7xx_HAL_Driver\Inc</Filter>
    </ClInclude>
    <ClInclude Include="..\..\..\..\..\..\lib\stm32hal_h7\stm32h7\STM32H7xx_HAL_Driver\Inc\stm32h7xx_hal_qspi.h">
      <Filter>stm32h7\STM32H7xx_HAL_Driver\Inc</Filter>
    </ClInclude>
    <ClInclude Include="..\..\..\..\..\..\lib\stm32hal_h7\stm32h7\STM32H7xx_HAL_Driver\Inc\stm32h7xx_hal_ramecc.h">
      <Filter>stm32h7\STM32H7xx_HAL_Driver\Inc</Filter>
    </ClInclude>
    <ClInclude Include="..\..\..\..\..\..\lib\stm32hal_h7\stm32h7\STM32H7xx_HAL_Driver\Inc\stm32h7xx_hal_rcc.h">
      <Filter>stm32h7\STM32H7xx_HAL_Driver\Inc</Filter>
    </ClInclude>
    <ClInclude Include="..\..\..\..\..\..\lib\stm32hal_h7\stm32h7\STM32H7xx_HAL_Driver\Inc\stm32h7xx_hal_rcc_ex.h">
      <Filter>stm32h7\STM32H7xx_HAL_Driver\Inc</Filter>
    </ClInclude>
    <ClInclude Include="..\..\..\..\..\..\lib\stm32hal_h7\stm32h7\STM32H7xx_HAL_Driver\Inc\stm32h7xx_hal_rng.h">
      <Filter>stm32h7\STM32H7xx_HAL_Driver\Inc</Filter>
    </ClInclude>
    <ClInclude Include="..\..\..\..\..\..\lib\stm32hal_h7\stm32h7\STM32H7xx_HAL_Driver\Inc\stm32h7xx_hal_rtc.h">
      <Filter>stm32h7\STM32H7xx_HAL_Driver\Inc</Filter>
    </ClInclude>
    <ClInclude Include="..\..\..\..\..\..\lib\stm32hal_h7\stm32h7\STM32H7xx_HAL_Driver\Inc\stm32h7xx_hal_rtc_ex.h">
      <Filter>stm32h7\STM32H7xx_HAL_Driver\Inc</Filter>
    </ClInclude>
    <ClInclude Include="..\..\..\..\..\..\lib\stm32hal_h7\stm32h7\STM32H7xx_HAL_Driver\Inc\stm32h7xx_hal_sai.h">
      <Filter>stm32h7\STM32H7xx_HAL_Driver\Inc</Filter>
    </ClInclude>
    <ClInclude Include="..\..\..\..\..\..\lib\stm32hal_h7\stm32h7\STM32H7xx_HAL_Driver\Inc\stm32h7xx_hal_sai_ex.h">
      <Filter>stm32h7\STM32H7xx_HAL_Driver\Inc</Filter>
    </ClInclude>
    <ClInclude Include="..\..\..\..\..\..\lib\stm32hal_h7\stm32h7\STM32H7xx_HAL_Driver\Inc\stm32h7xx_hal_sd.h">
      <Filter>stm32h7\STM32H7xx_HAL_Driver\Inc</Filter>
    </ClInclude>
    <ClInclude Include="..\..\..\..\..\..\lib\stm32hal_h7\stm32h7\STM32H7xx_HAL_Driver\Inc\stm32h7xx_hal_sdram.h">
      <Filter>stm32h7\STM32H7xx_HAL_Driver\Inc</Filter>
    </ClInclude>
    <ClInclude Include="..\..\..\..\..\..\lib\stm32hal_h7\stm32h7\STM32H7xx_HAL_Driver\Inc\stm32h7xx_hal_sd_ex.h">
      <Filter>stm32h7\STM32H7xx_HAL_Driver\Inc</Filter>
    </ClInclude>
    <ClInclude Include="..\..\..\..\..\..\lib\stm32hal_h7\stm32h7\STM32H7xx_HAL_Driver\Inc\stm32h7xx_hal_smartcard.h">
      <Filter>stm32h7\STM32H7xx_HAL_Driver\Inc</Filter>
    </ClInclude>
    <ClInclude Include="..\..\..\..\..\..\lib\stm32hal_h7\stm32h7\STM32H7xx_HAL_Driver\Inc\stm32h7xx_hal_smartcard_ex.h">
      <Filter>stm32h7\STM32H7xx_HAL_Driver\Inc</Filter>
    </ClInclude>
    <ClInclude Include="..\..\..\..\..\..\lib\stm32hal_h7\stm32h7\STM32H7xx_HAL_Driver\Inc\stm32h7xx_hal_smbus.h">
      <Filter>stm32h7\STM32H7xx_HAL_Driver\Inc</Filter>
    </ClInclude>
    <ClInclude Include="..\..\..\..\..\..\lib\stm32hal_h7\stm32h7\STM32H7xx_HAL_Driver\Inc\stm32h7xx_hal_spdifrx.h">
      <Filter>stm32h7\STM32H7xx_HAL_Driver\Inc</Filter>
    </ClInclude>
    <ClInclude Include="..\..\..\..\..\..\lib\stm32hal_h7\stm32h7\STM32H7xx_HAL_Driver\Inc\stm32h7xx_hal_spi.h">
      <Filter>stm32h7\STM32H7xx_HAL_Driver\Inc</Filter>
    </ClInclude>
    <ClInclude Include="..\..\..\..\..\..\lib\stm32hal_h7\stm32h7\STM32H7xx_HAL_Driver\Inc\stm32h7xx_hal_spi_ex.h">
      <Filter>stm32h7\STM32H7xx_HAL_Driver\Inc</Filter>
    </ClInclude>
    <ClInclude Include="..\..\..\..\..\..\lib\stm32hal_h7\stm32h7\STM32H7xx_HAL_Driver\Inc\stm32h7xx_hal_sram.h">
      <Filter>stm32h7\STM32H7xx_HAL_Driver\Inc</Filter>
    </ClInclude>
    <ClInclude Include="..\..\..\..\..\..\lib\stm32hal_h7\stm32h7\STM32H7xx_HAL_Driver\Inc\stm32h7xx_hal_swpmi.h">
      <Filter>stm32h7\STM32H7xx_HAL_Driver\Inc</Filter>
    </ClInclude>
    <ClInclude Include="..\..\..\..\..\..\lib\stm32hal_h7\stm32h7\STM32H7xx_HAL_Driver\Inc\stm32h7xx_hal_tim.h">
      <Filter>stm32h7\STM32H7xx_HAL_Driver\Inc</Filter>
    </ClInclude>
    <ClInclude Include="..\..\..\..\..\..\lib\stm32hal_h7\stm32h7\STM32H7xx_HAL_Driver\Inc\stm32h7xx_hal_tim_ex.h">
      <Filter>stm32h7\STM32H7xx_HAL_Driver\Inc</Filter>
    </ClInclude>
    <ClInclude Include="..\..\..\..\..\..\lib\stm32hal_h7\stm32h7\STM32H7xx_HAL_Driver\Inc\stm32h7xx_hal_uart.h">
      <Filter>stm32h7\STM32H7xx_HAL_Driver\Inc</Filter>
    </ClInclude>
    <ClInclude Include="..\..\..\..\..\..\lib\stm32hal_h7\stm32h7\STM32H7xx_HAL_Driver\Inc\stm32h7xx_hal_uart_ex.h">
      <Filter>stm32h7\STM32H7xx_HAL_Driver\Inc</Filter>
    </ClInclude>
    <ClInclude Include="..\..\..\..\..\..\lib\stm32hal_h7\stm32h7\STM32H7xx_HAL_Driver\Inc\stm32h7xx_hal_usart.h">
      <Filter>stm32h7\STM32H7xx_HAL_Driver\Inc</Filter>
    </ClInclude>
    <ClInclude Include="..\..\..\..\..\..\lib\stm32hal_h7\stm32h7\STM32H7xx_HAL_Driver\Inc\stm32h7xx_hal_usart_ex.h">
      <Filter>stm32h7\STM32H7xx_HAL_Driver\Inc</Filter>
    </ClInclude>
    <ClInclude Include="..\..\..\..\..\..\lib\stm32hal_h7\stm32h7\STM32H7xx_HAL_Driver\Inc\stm32h7xx_hal_wwdg.h">
      <Filter>stm32h7\STM32H7xx_HAL_Driver\Inc</Filter>
    </ClInclude>
    <ClInclude Include="..\..\..\..\..\..\lib\stm32hal_h7\stm32h7\STM32H7xx_HAL_Driver\Inc\stm32h7xx_ll_adc.h">
      <Filter>stm32h7\STM32H7xx_HAL_Driver\Inc</Filter>
    </ClInclude>
    <ClInclude Include="..\..\..\..\..\..\lib\stm32hal_h7\stm32h7\STM32H7xx_HAL_Driver\Inc\stm32h7xx_ll_bdma.h">
      <Filter>stm32h7\STM32H7xx_HAL_Driver\Inc</Filter>
    </ClInclude>
    <ClInclude Include="..\..\..\..\..\..\lib\stm32hal_h7\stm32h7\STM32H7xx_HAL_Driver\Inc\stm32h7xx_ll_bus.h">
      <Filter>stm32h7\STM32H7xx_HAL_Driver\Inc</Filter>
    </ClInclude>
    <ClInclude Include="..\..\..\..\..\..\lib\stm32hal_h7\stm32h7\STM32H7xx_HAL_Driver\Inc\stm32h7xx_ll_comp.h">
      <Filter>stm32h7\STM32H7xx_HAL_Driver\Inc</Filter>
    </ClInclude>
    <ClInclude Include="..\..\..\..\..\..\lib\stm32hal_h7\stm32h7\STM32H7xx_HAL_Driver\Inc\stm32h7xx_ll_cortex.h">
      <Filter>stm32h7\STM32H7xx_HAL_Driver\Inc</Filter>
    </ClInclude>
    <ClInclude Include="..\..\..\..\..\..\lib\stm32hal_h7\stm32h7\STM32H7xx_HAL_Driver\Inc\stm32h7xx_ll_crc.h">
      <Filter>stm32h7\STM32H7xx_HAL_Driver\Inc</Filter>
    </ClInclude>
    <ClInclude Include="..\..\..\..\..\..\lib\stm32hal_h7\stm32h7\STM32H7xx_HAL_Driver\Inc\stm32h7xx_ll_dac.h">
      <Filter>stm32h7\STM32H7xx_HAL_Driver\Inc</Filter>
    </ClInclude>
    <ClInclude Include="..\..\..\..\..\..\lib\stm32hal_h7\stm32h7\STM32H7xx_HAL_Driver\Inc\stm32h7xx_ll_delayblock.h">
      <Filter>stm32h7\STM32H7xx_HAL_Driver\Inc</Filter>
    </ClInclude>
    <ClInclude Include="..\..\..\..\..\..\lib\stm32hal_h7\stm32h7\STM32H7xx_HAL_Driver\Inc\stm32h7xx_ll_dma.h">
      <Filter>stm32h7\STM32H7xx_HAL_Driver\Inc</Filter>
    </ClInclude>
    <ClInclude Include="..\..\..\..\..\..\lib\stm32hal_h7\stm32h7\STM32H7xx_HAL_Driver\Inc\stm32h7xx_ll_dma2d.h">
      <Filter>stm32h7\STM32H7xx_HAL_Driver\Inc</Filter>
    </ClInclude>
    <ClInclude Include="..\..\..\..\..\..\lib\stm32hal_h7\stm32h7\STM32H7xx_HAL_Driver\Inc\stm32h7xx_ll_dmamux.h">
      <Filter>stm32h7\STM32H7xx_HAL_Driver\Inc</Filter>
    </ClInclude>
    <ClInclude Include="..\..\..\..\..\..\lib\stm32hal_h7\stm32h7\STM32H7xx_HAL_Driver\Inc\stm32h7xx_ll_exti.h">
      <Filter>stm32h7\STM32H7xx_HAL_Driver\Inc</Filter>
    </ClInclude>
    <ClInclude Include="..\..\..\..\..\..\lib\stm32hal_h7\stm32h7\STM32H7xx_HAL_Driver\Inc\stm32h7xx_ll_fmc.h">
      <Filter>stm32h7\STM32H7xx_HAL_Driver\Inc</Filter>
    </ClInclude>
    <ClInclude Include="..\..\..\..\..\..\lib\stm32hal_h7\stm32h7\STM32H7xx_HAL_Driver\Inc\stm32h7xx_ll_gpio.h">
      <Filter>stm32h7\STM32H7xx_HAL_Driver\Inc</Filter>
    </ClInclude>
    <ClInclude Include="..\..\..\..\..\..\lib\stm32hal_h7\stm32h7\STM32H7xx_HAL_Driver\Inc\stm32h7xx_ll_hrtim.h">
      <Filter>stm32h7\STM32H7xx_HAL_Driver\Inc</Filter>
    </ClInclude>
    <ClInclude Include="..\..\..\..\..\..\lib\stm32hal_h7\stm32h7\STM32H7xx_HAL_Driver\Inc\stm32h7xx_ll_hsem.h">
      <Filter>stm32h7\STM32H7xx_HAL_Driver\Inc</Filter>
    </ClInclude>
    <ClInclude Include="..\..\..\..\..\..\lib\stm32hal_h7\stm32h7\STM32H7xx_HAL_Driver\Inc\stm32h7xx_ll_i2c.h">
      <Filter>stm32h7\STM32H7xx_HAL_Driver\Inc</Filter>
    </ClInclude>
    <ClInclude Include="..\..\..\..\..\..\lib\stm32hal_h7\stm32h7\STM32H7xx_HAL_Driver\Inc\stm32h7xx_ll_iwdg.h">
      <Filter>stm32h7\STM32H7xx_HAL_Driver\Inc</Filter>
    </ClInclude>
    <ClInclude Include="..\..\..\..\..\..\lib\stm32hal_h7\stm32h7\STM32H7xx_HAL_Driver\Inc\stm32h7xx_ll_lptim.h">
      <Filter>stm32h7\STM32H7xx_HAL_Driver\Inc</Filter>
    </ClInclude>
    <ClInclude Include="..\..\..\..\..\..\lib\stm32hal_h7\stm32h7\STM32H7xx_HAL_Driver\Inc\stm32h7xx_ll_lpuart.h">
      <Filter>stm32h7\STM32H7xx_HAL_Driver\Inc</Filter>
    </ClInclude>
    <ClInclude Include="..\..\..\..\..\..\lib\stm32hal_h7\stm32h7\STM32H7xx_HAL_Driver\Inc\stm32h7xx_ll_mdma.h">
      <Filter>stm32h7\STM32H7xx_HAL_Driver\Inc</Filter>
    </ClInclude>
    <ClInclude Include="..\..\..\..\..\..\lib\stm32hal_h7\stm32h7\STM32H7xx_HAL_Driver\Inc\stm32h7xx_ll_opamp.h">
      <Filter>stm32h7\STM32H7xx_HAL_Driver\Inc</Filter>
    </ClInclude>
    <ClInclude Include="..\..\..\..\..\..\lib\stm32hal_h7\stm32h7\STM32H7xx_HAL_Driver\Inc\stm32h7xx_ll_pwr.h">
      <Filter>stm32h7\STM32H7xx_HAL_Driver\Inc</Filter>
    </ClInclude>
    <ClInclude Include="..\..\..\..\..\..\lib\stm32hal_h7\stm32h7\STM32H7xx_HAL_Driver\Inc\stm32h7xx_ll_rcc.h">
      <Filter>stm32h7\STM32H7xx_HAL_Driver\Inc</Filter>
    </ClInclude>
    <ClInclude Include="..\..\..\..\..\..\lib\stm32hal_h7\stm32h7\STM32H7xx_HAL_Driver\Inc\stm32h7xx_ll_rng.h">
      <Filter>stm32h7\STM32H7xx_HAL_Driver\Inc</Filter>
    </ClInclude>
    <ClInclude Include="..\..\..\..\..\..\lib\stm32hal_h7\stm32h7\STM32H7xx_HAL_Driver\Inc\stm32h7xx_ll_rtc.h">
      <Filter>stm32h7\STM32H7xx_HAL_Driver\Inc</Filter>
    </ClInclude>
    <ClInclude Include="..\..\..\..\..\..\lib\stm32hal_h7\stm32h7\STM32H7xx_HAL_Driver\Inc\stm32h7xx_ll_sdmmc.h">
      <Filter>stm32h7\STM32H7xx_HAL_Driver\Inc</Filter>
    </ClInclude>
    <ClInclude Include="..\..\..\..\..\..\lib\stm32hal_h7\stm32h7\STM32H7xx_HAL_Driver\Inc\stm32h7xx_ll_spi.h">
      <Filter>stm32h7\STM32H7xx_HAL_Driver\Inc</Filter>
    </ClInclude>
    <ClInclude Include="..\..\..\..\..\..\lib\stm32hal_h7\stm32h7\STM32H7xx_HAL_Driver\Inc\stm32h7xx_ll_swpmi.h">
      <Filter>stm32h7\STM32H7xx_HAL_Driver\Inc</Filter>
    </ClInclude>
    <ClInclude Include="..\..\..\..\..\..\lib\stm32hal_h7\stm32h7\STM32H7xx_HAL_Driver\Inc\stm32h7xx_ll_system.h">
      <Filter>stm32h7\STM32H7xx_HAL_Driver\Inc</Filter>
    </ClInclude>
    <ClInclude Include="..\..\..\..\..\..\lib\stm32hal_h7\stm32h7\STM32H7xx_HAL_Driver\Inc\stm32h7xx_ll_tim.h">
      <Filter>stm32h7\STM32H7xx_HAL_Driver\Inc</Filter>
    </ClInclude>
    <ClInclude Include="..\..\..\..\..\..\lib\stm32hal_h7\stm32h7\STM32H7xx_HAL_Driver\Inc\stm32h7xx_ll_usart.h">
      <Filter>stm32h7\STM32H7xx_HAL_Driver\Inc</Filter>
    </ClInclude>
    <ClInclude Include="..\..\..\..\..\..\lib\stm32hal_h7\stm32h7\STM32H7xx_HAL_Driver\Inc\stm32h7xx_ll_usb.h">
      <Filter>stm32h7\STM32H7xx_HAL_Driver\Inc</Filter>
    </ClInclude>
    <ClInclude Include="..\..\..\..\..\..\lib\stm32hal_h7\stm32h7\STM32H7xx_HAL_Driver\Inc\stm32h7xx_ll_utils.h">
      <Filter>stm32h7\STM32H7xx_HAL_Driver\Inc</Filter>
    </ClInclude>
    <ClInclude Include="..\..\..\..\..\..\lib\stm32hal_h7\stm32h7\STM32H7xx_HAL_Driver\Inc\stm32h7xx_ll_wwdg.h">
      <Filter>stm32h7\STM32H7xx_HAL_Driver\Inc</Filter>
    </ClInclude>
    <ClInclude Include="..\..\..\..\..\..\lib\stm32hal_h7\stm32h7\STM32H7xx_HAL_Driver\Inc\Legacy\stm32_hal_legacy.h">
      <Filter>stm32h7\STM32H7xx_HAL_Driver\Inc\Legacy</Filter>
    </ClInclude>
    <ClCompile Include="..\..\..\..\..\..\lib\stm32hal_h7\stm32h7\STM32H7xx_HAL_Driver\Src\stm32h7xx_hal.c">
      <Filter>stm32h7\STM32H7xx_HAL_Driver\Src</Filter>
    </ClCompile>
    <ClCompile Include="..\..\..\..\..\..\lib\stm32hal_h7\stm32h7\STM32H7xx_HAL_Driver\Src\stm32h7xx_hal_adc.c">
      <Filter>stm32h7\STM32H7xx_HAL_Driver\Src</Filter>
    </ClCompile>
    <ClCompile Include="..\..\..\..\..\..\lib\stm32hal_h7\stm32h7\STM32H7xx_HAL_Driver\Src\stm32h7xx_hal_adc_ex.c">
      <Filter>stm32h7\STM32H7xx_HAL_Driver\Src</Filter>
    </ClCompile>
    <ClCompile Include="..\..\..\..\..\..\lib\stm32hal_h7\stm32h7\STM32H7xx_HAL_Driver\Src\stm32h7xx_hal_cec.c">
      <Filter>stm32h7\STM32H7xx_HAL_Driver\Src</Filter>
    </ClCompile>
    <ClCompile Include="..\..\..\..\..\..\lib\stm32hal_h7\stm32h7\STM32H7xx_HAL_Driver\Src\stm32h7xx_hal_comp.c">
      <Filter>stm32h7\STM32H7xx_HAL_Driver\Src</Filter>
    </ClCompile>
    <ClCompile Include="..\..\..\..\..\..\lib\stm32hal_h7\stm32h7\STM32H7xx_HAL_Driver\Src\stm32h7xx_hal_cortex.c">
      <Filter>stm32h7\STM32H7xx_HAL_Driver\Src</Filter>
    </ClCompile>
    <ClCompile Include="..\..\..\..\..\..\lib\stm32hal_h7\stm32h7\STM32H7xx_HAL_Driver\Src\stm32h7xx_hal_crc.c">
      <Filter>stm32h7\STM32H7xx_HAL_Driver\Src</Filter>
    </ClCompile>
    <ClCompile Include="..\..\..\..\..\..\lib\stm32hal_h7\stm32h7\STM32H7xx_HAL_Driver\Src\stm32h7xx_hal_crc_ex.c">
      <Filter>stm32h7\STM32H7xx_HAL_Driver\Src</Filter>
    </ClCompile>
    <ClCompile Include="..\..\..\..\..\..\lib\stm32hal_h7\stm32h7\STM32H7xx_HAL_Driver\Src\stm32h7xx_hal_cryp.c">
      <Filter>stm32h7\STM32H7xx_HAL_Driver\Src</Filter>
    </ClCompile>
    <ClCompile Include="..\..\..\..\..\..\lib\stm32hal_h7\stm32h7\STM32H7xx_HAL_Driver\Src\stm32h7xx_hal_cryp_ex.c">
      <Filter>stm32h7\STM32H7xx_HAL_Driver\Src</Filter>
    </ClCompile>
    <ClCompile Include="..\..\..\..\..\..\lib\stm32hal_h7\stm32h7\STM32H7xx_HAL_Driver\Src\stm32h7xx_hal_dac.c">
      <Filter>stm32h7\STM32H7xx_HAL_Driver\Src</Filter>
    </ClCompile>
    <ClCompile Include="..\..\..\..\..\..\lib\stm32hal_h7\stm32h7\STM32H7xx_HAL_Driver\Src\stm32h7xx_hal_dac_ex.c">
      <Filter>stm32h7\STM32H7xx_HAL_Driver\Src</Filter>
    </ClCompile>
    <ClCompile Include="..\..\..\..\..\..\lib\stm32hal_h7\stm32h7\STM32H7xx_HAL_Driver\Src\stm32h7xx_hal_dcmi.c">
      <Filter>stm32h7\STM32H7xx_HAL_Driver\Src</Filter>
    </ClCompile>
    <ClCompile Include="..\..\..\..\..\..\lib\stm32hal_h7\stm32h7\STM32H7xx_HAL_Driver\Src\stm32h7xx_hal_dfsdm.c">
      <Filter>stm32h7\STM32H7xx_HAL_Driver\Src</Filter>
    </ClCompile>
    <ClCompile Include="..\..\..\..\..\..\lib\stm32hal_h7\stm32h7\STM32H7xx_HAL_Driver\Src\stm32h7xx_hal_dma.c">
      <Filter>stm32h7\STM32H7xx_HAL_Driver\Src</Filter>
    </ClCompile>
    <ClCompile Include="..\..\..\..\..\..\lib\stm32hal_h7\stm32h7\STM32H7xx_HAL_Driver\Src\stm32h7xx_hal_dma2d.c">
      <Filter>stm32h7\STM32H7xx_HAL_Driver\Src</Filter>
    </ClCompile>
    <ClCompile Include="..\..\..\..\..\..\lib\stm32hal_h7\stm32h7\STM32H7xx_HAL_Driver\Src\stm32h7xx_hal_dma_ex.c">
      <Filter>stm32h7\STM32H7xx_HAL_Driver\Src</Filter>
    </ClCompile>
    <ClCompile Include="..\..\..\..\..\..\lib\stm32hal_h7\stm32h7\STM32H7xx_HAL_Driver\Src\stm32h7xx_hal_dsi.c">
      <Filter>stm32h7\STM32H7xx_HAL_Driver\Src</Filter>
    </ClCompile>
    <ClCompile Include="..\..\..\..\..\..\lib\stm32hal_h7\stm32h7\STM32H7xx_HAL_Driver\Src\stm32h7xx_hal_eth.c">
      <Filter>stm32h7\STM32H7xx_HAL_Driver\Src</Filter>
    </ClCompile>
    <ClCompile Include="..\..\..\..\..\..\lib\stm32hal_h7\stm32h7\STM32H7xx_HAL_Driver\Src\stm32h7xx_hal_eth_ex.c">
      <Filter>stm32h7\STM32H7xx_HAL_Driver\Src</Filter>
    </ClCompile>
    <ClCompile Include="..\..\..\..\..\..\lib\stm32hal_h7\stm32h7\STM32H7xx_HAL_Driver\Src\stm32h7xx_hal_exti.c">
      <Filter>stm32h7\STM32H7xx_HAL_Driver\Src</Filter>
    </ClCompile>
    <ClCompile Include="..\..\..\..\..\..\lib\stm32hal_h7\stm32h7\STM32H7xx_HAL_Driver\Src\stm32h7xx_hal_fdcan.c">
      <Filter>stm32h7\STM32H7xx_HAL_Driver\Src</Filter>
    </ClCompile>
    <ClCompile Include="..\..\..\..\..\..\lib\stm32hal_h7\stm32h7\STM32H7xx_HAL_Driver\Src\stm32h7xx_hal_flash.c">
      <Filter>stm32h7\STM32H7xx_HAL_Driver\Src</Filter>
    </ClCompile>
    <ClCompile Include="..\..\..\..\..\..\lib\stm32hal_h7\stm32h7\STM32H7xx_HAL_Driver\Src\stm32h7xx_hal_flash_ex.c">
      <Filter>stm32h7\STM32H7xx_HAL_Driver\Src</Filter>
    </ClCompile>
    <ClCompile Include="..\..\..\..\..\..\lib\stm32hal_h7\stm32h7\STM32H7xx_HAL_Driver\Src\stm32h7xx_hal_gpio.c">
      <Filter>stm32h7\STM32H7xx_HAL_Driver\Src</Filter>
    </ClCompile>
    <ClCompile Include="..\..\..\..\..\..\lib\stm32hal_h7\stm32h7\STM32H7xx_HAL_Driver\Src\stm32h7xx_hal_hash.c">
      <Filter>stm32h7\STM32H7xx_HAL_Driver\Src</Filter>
    </ClCompile>
    <ClCompile Include="..\..\..\..\..\..\lib\stm32hal_h7\stm32h7\STM32H7xx_HAL_Driver\Src\stm32h7xx_hal_hash_ex.c">
      <Filter>stm32h7\STM32H7xx_HAL_Driver\Src</Filter>
    </ClCompile>
    <ClCompile Include="..\..\..\..\..\..\lib\stm32hal_h7\stm32h7\STM32H7xx_HAL_Driver\Src\stm32h7xx_hal_hcd.c">
      <Filter>stm32h7\STM32H7xx_HAL_Driver\Src</Filter>
    </ClCompile>
    <ClCompile Include="..\..\..\..\..\..\lib\stm32hal_h7\stm32h7\STM32H7xx_HAL_Driver\Src\stm32h7xx_hal_hrtim.c">
      <Filter>stm32h7\STM32H7xx_HAL_Driver\Src</Filter>
    </ClCompile>
    <ClCompile Include="..\..\..\..\..\..\lib\stm32hal_h7\stm32h7\STM32H7xx_HAL_Driver\Src\stm32h7xx_hal_hsem.c">
      <Filter>stm32h7\STM32H7xx_HAL_Driver\Src</Filter>
    </ClCompile>
    <ClCompile Include="..\..\..\..\..\..\lib\stm32hal_h7\stm32h7\STM32H7xx_HAL_Driver\Src\stm32h7xx_hal_i2c.c">
      <Filter>stm32h7\STM32H7xx_HAL_Driver\Src</Filter>
    </ClCompile>
    <ClCompile Include="..\..\..\..\..\..\lib\stm32hal_h7\stm32h7\STM32H7xx_HAL_Driver\Src\stm32h7xx_hal_i2c_ex.c">
      <Filter>stm32h7\STM32H7xx_HAL_Driver\Src</Filter>
    </ClCompile>
    <ClCompile Include="..\..\..\..\..\..\lib\stm32hal_h7\stm32h7\STM32H7xx_HAL_Driver\Src\stm32h7xx_hal_i2s.c">
      <Filter>stm32h7\STM32H7xx_HAL_Driver\Src</Filter>
    </ClCompile>
    <ClCompile Include="..\..\..\..\..\..\lib\stm32hal_h7\stm32h7\STM32H7xx_HAL_Driver\Src\stm32h7xx_hal_i2s_ex.c">
      <Filter>stm32h7\STM32H7xx_HAL_Driver\Src</Filter>
    </ClCompile>
    <ClCompile Include="..\..\..\..\..\..\lib\stm32hal_h7\stm32h7\STM32H7xx_HAL_Driver\Src\stm32h7xx_hal_irda.c">
      <Filter>stm32h7\STM32H7xx_HAL_Driver\Src</Filter>
    </ClCompile>
    <ClCompile Include="..\..\..\..\..\..\lib\stm32hal_h7\stm32h7\STM32H7xx_HAL_Driver\Src\stm32h7xx_hal_iwdg.c">
      <Filter>stm32h7\STM32H7xx_HAL_Driver\Src</Filter>
    </ClCompile>
    <ClCompile Include="..\..\..\..\..\..\lib\stm32hal_h7\stm32h7\STM32H7xx_HAL_Driver\Src\stm32h7xx_hal_jpeg.c">
      <Filter>stm32h7\STM32H7xx_HAL_Driver\Src</Filter>
    </ClCompile>
    <ClCompile Include="..\..\..\..\..\..\lib\stm32hal_h7\stm32h7\STM32H7xx_HAL_Driver\Src\stm32h7xx_hal_lptim.c">
      <Filter>stm32h7\STM32H7xx_HAL_Driver\Src</Filter>
    </ClCompile>
    <ClCompile Include="..\..\..\..\..\..\lib\stm32hal_h7\stm32h7\STM32H7xx_HAL_Driver\Src\stm32h7xx_hal_ltdc.c">
      <Filter>stm32h7\STM32H7xx_HAL_Driver\Src</Filter>
    </ClCompile>
    <ClCompile Include="..\..\..\..\..\..\lib\stm32hal_h7\stm32h7\STM32H7xx_HAL_Driver\Src\stm32h7xx_hal_ltdc_ex.c">
      <Filter>stm32h7\STM32H7xx_HAL_Driver\Src</Filter>
    </ClCompile>
    <ClCompile Include="..\..\..\..\..\..\lib\stm32hal_h7\stm32h7\STM32H7xx_HAL_Driver\Src\stm32h7xx_hal_mdios.c">
      <Filter>stm32h7\STM32H7xx_HAL_Driver\Src</Filter>
    </ClCompile>
    <ClCompile Include="..\..\..\..\..\..\lib\stm32hal_h7\stm32h7\STM32H7xx_HAL_Driver\Src\stm32h7xx_hal_mdma.c">
      <Filter>stm32h7\STM32H7xx_HAL_Driver\Src</Filter>
    </ClCompile>
    <ClCompile Include="..\..\..\..\..\..\lib\stm32hal_h7\stm32h7\STM32H7xx_HAL_Driver\Src\stm32h7xx_hal_mmc.c">
      <Filter>stm32h7\STM32H7xx_HAL_Driver\Src</Filter>
    </ClCompile>
    <ClCompile Include="..\..\..\..\..\..\lib\stm32hal_h7\stm32h7\STM32H7xx_HAL_Driver\Src\stm32h7xx_hal_mmc_ex.c">
      <Filter>stm32h7\STM32H7xx_HAL_Driver\Src</Filter>
    </ClCompile>
    <ClCompile Include="..\..\..\..\..\..\lib\stm32hal_h7\stm32h7\STM32H7xx_HAL_Driver\Src\stm32h7xx_hal_nand.c">
      <Filter>stm32h7\STM32H7xx_HAL_Driver\Src</Filter>
    </ClCompile>
    <ClCompile Include="..\..\..\..\..\..\lib\stm32hal_h7\stm32h7\STM32H7xx_HAL_Driver\Src\stm32h7xx_hal_nor.c">
      <Filter>stm32h7\STM32H7xx_HAL_Driver\Src</Filter>
    </ClCompile>
    <ClCompile Include="..\..\..\..\..\..\lib\stm32hal_h7\stm32h7\STM32H7xx_HAL_Driver\Src\stm32h7xx_hal_opamp.c">
      <Filter>stm32h7\STM32H7xx_HAL_Driver\Src</Filter>
    </ClCompile>
    <ClCompile Include="..\..\..\..\..\..\lib\stm32hal_h7\stm32h7\STM32H7xx_HAL_Driver\Src\stm32h7xx_hal_opamp_ex.c">
      <Filter>stm32h7\STM32H7xx_HAL_Driver\Src</Filter>
    </ClCompile>
    <ClCompile Include="..\..\..\..\..\..\lib\stm32hal_h7\stm32h7\STM32H7xx_HAL_Driver\Src\stm32h7xx_hal_pcd.c">
      <Filter>stm32h7\STM32H7xx_HAL_Driver\Src</Filter>
    </ClCompile>
    <ClCompile Include="..\..\..\..\..\..\lib\stm32hal_h7\stm32h7\STM32H7xx_HAL_Driver\Src\stm32h7xx_hal_pcd_ex.c">
      <Filter>stm32h7\STM32H7xx_HAL_Driver\Src</Filter>
    </ClCompile>
    <ClCompile Include="..\..\..\..\..\..\lib\stm32hal_h7\stm32h7\STM32H7xx_HAL_Driver\Src\stm32h7xx_hal_pwr.c">
      <Filter>stm32h7\STM32H7xx_HAL_Driver\Src</Filter>
    </ClCompile>
    <ClCompile Include="..\..\..\..\..\..\lib\stm32hal_h7\stm32h7\STM32H7xx_HAL_Driver\Src\stm32h7xx_hal_pwr_ex.c">
      <Filter>stm32h7\STM32H7xx_HAL_Driver\Src</Filter>
    </ClCompile>
    <ClCompile Include="..\..\..\..\..\..\lib\stm32hal_h7\stm32h7\STM32H7xx_HAL_Driver\Src\stm32h7xx_hal_qspi.c">
      <Filter>stm32h7\STM32H7xx_HAL_Driver\Src</Filter>
    </ClCompile>
    <ClCompile Include="..\..\..\..\..\..\lib\stm32hal_h7\stm32h7\STM32H7xx_HAL_Driver\Src\stm32h7xx_hal_ramecc.c">
      <Filter>stm32h7\STM32H7xx_HAL_Driver\Src</Filter>
    </ClCompile>
    <ClCompile Include="..\..\..\..\..\..\lib\stm32hal_h7\stm32h7\STM32H7xx_HAL_Driver\Src\stm32h7xx_hal_rcc.c">
      <Filter>stm32h7\STM32H7xx_HAL_Driver\Src</Filter>
    </ClCompile>
    <ClCompile Include="..\..\..\..\..\..\lib\stm32hal_h7\stm32h7\STM32H7xx_HAL_Driver\Src\stm32h7xx_hal_rcc_ex.c">
      <Filter>stm32h7\STM32H7xx_HAL_Driver\Src</Filter>
    </ClCompile>
    <ClCompile Include="..\..\..\..\..\..\lib\stm32hal_h7\stm32h7\STM32H7xx_HAL_Driver\Src\stm32h7xx_hal_rng.c">
      <Filter>stm32h7\STM32H7xx_HAL_Driver\Src</Filter>
    </ClCompile>
    <ClCompile Include="..\..\..\..\..\..\lib\stm32hal_h7\stm32h7\STM32H7xx_HAL_Driver\Src\stm32h7xx_hal_rtc.c">
      <Filter>stm32h7\STM32H7xx_HAL_Driver\Src</Filter>
    </ClCompile>
    <ClCompile Include="..\..\..\..\..\..\lib\stm32hal_h7\stm32h7\STM32H7xx_HAL_Driver\Src\stm32h7xx_hal_rtc_ex.c">
      <Filter>stm32h7\STM32H7xx_HAL_Driver\Src</Filter>
    </ClCompile>
    <ClCompile Include="..\..\..\..\..\..\lib\stm32hal_h7\stm32h7\STM32H7xx_HAL_Driver\Src\stm32h7xx_hal_sai.c">
      <Filter>stm32h7\STM32H7xx_HAL_Driver\Src</Filter>
    </ClCompile>
    <ClCompile Include="..\..\..\..\..\..\lib\stm32hal_h7\stm32h7\STM32H7xx_HAL_Driver\Src\stm32h7xx_hal_sai_ex.c">
      <Filter>stm32h7\STM32H7xx_HAL_Driver\Src</Filter>
    </ClCompile>
    <ClCompile Include="..\..\..\..\..\..\lib\stm32hal_h7\stm32h7\STM32H7xx_HAL_Driver\Src\stm32h7xx_hal_sd.c">
      <Filter>stm32h7\STM32H7xx_HAL_Driver\Src</Filter>
    </ClCompile>
    <ClCompile Include="..\..\..\..\..\..\lib\stm32hal_h7\stm32h7\STM32H7xx_HAL_Driver\Src\stm32h7xx_hal_sdram.c">
      <Filter>stm32h7\STM32H7xx_HAL_Driver\Src</Filter>
    </ClCompile>
    <ClCompile Include="..\..\..\..\..\..\lib\stm32hal_h7\stm32h7\STM32H7xx_HAL_Driver\Src\stm32h7xx_hal_sd_ex.c">
      <Filter>stm32h7\STM32H7xx_HAL_Driver\Src</Filter>
    </ClCompile>
    <ClCompile Include="..\..\..\..\..\..\lib\stm32hal_h7\stm32h7\STM32H7xx_HAL_Driver\Src\stm32h7xx_hal_smartcard.c">
      <Filter>stm32h7\STM32H7xx_HAL_Driver\Src</Filter>
    </ClCompile>
    <ClCompile Include="..\..\..\..\..\..\lib\stm32hal_h7\stm32h7\STM32H7xx_HAL_Driver\Src\stm32h7xx_hal_smartcard_ex.c">
      <Filter>stm32h7\STM32H7xx_HAL_Driver\Src</Filter>
    </ClCompile>
    <ClCompile Include="..\..\..\..\..\..\lib\stm32hal_h7\stm32h7\STM32H7xx_HAL_Driver\Src\stm32h7xx_hal_smbus.c">
      <Filter>stm32h7\STM32H7xx_HAL_Driver\Src</Filter>
    </ClCompile>
    <ClCompile Include="..\..\..\..\..\..\lib\stm32hal_h7\stm32h7\STM32H7xx_HAL_Driver\Src\stm32h7xx_hal_spdifrx.c">
      <Filter>stm32h7\STM32H7xx_HAL_Driver\Src</Filter>
    </ClCompile>
    <ClCompile Include="..\..\..\..\..\..\lib\stm32hal_h7\stm32h7\STM32H7xx_HAL_Driver\Src\stm32h7xx_hal_spi.c">
      <Filter>stm32h7\STM32H7xx_HAL_Driver\Src</Filter>
    </ClCompile>
    <ClCompile Include="..\..\..\..\..\..\lib\stm32hal_h7\stm32h7\STM32H7xx_HAL_Driver\Src\stm32h7xx_hal_spi_ex.c">
      <Filter>stm32h7\STM32H7xx_HAL_Driver\Src</Filter>
    </ClCompile>
    <ClCompile Include="..\..\..\..\..\..\lib\stm32hal_h7\stm32h7\STM32H7xx_HAL_Driver\Src\stm32h7xx_hal_sram.c">
      <Filter>stm32h7\STM32H7xx_HAL_Driver\Src</Filter>
    </ClCompile>
    <ClCompile Include="..\..\..\..\..\..\lib\stm32hal_h7\stm32h7\STM32H7xx_HAL_Driver\Src\stm32h7xx_hal_swpmi.c">
      <Filter>stm32h7\STM32H7xx_HAL_Driver\Src</Filter>
    </ClCompile>
    <ClCompile Include="..\..\..\..\..\..\lib\stm32hal_h7\stm32h7\STM32H7xx_HAL_Driver\Src\stm32h7xx_hal_tim.c">
      <Filter>stm32h7\STM32H7xx_HAL_Driver\Src</Filter>
    </ClCompile>
    <ClCompile Include="..\..\..\..\..\..\lib\stm32hal_h7\stm32h7\STM32H7xx_HAL_Driver\Src\stm32h7xx_hal_tim_ex.c">
      <Filter>stm32h7\STM32H7xx_HAL_Driver\Src</Filter>
    </ClCompile>
    <ClCompile Include="..\..\..\..\..\..\lib\stm32hal_h7\stm32h7\STM32H7xx_HAL_Driver\Src\stm32h7xx_hal_uart.c">
      <Filter>stm32h7\STM32H7xx_HAL_Driver\Src</Filter>
    </ClCompile>
    <ClCompile Include="..\..\..\..\..\..\lib\stm32hal_h7\stm32h7\STM32H7xx_HAL_Driver\Src\stm32h7xx_hal_uart_ex.c">
      <Filter>stm32h7\STM32H7xx_HAL_Driver\Src</Filter>
    </ClCompile>
    <ClCompile Include="..\..\..\..\..\..\lib\stm32hal_h7\stm32h7\STM32H7xx_HAL_Driver\Src\stm32h7xx_hal_usart.c">
      <Filter>stm32h7\STM32H7xx_HAL_Driver\Src</Filter>
    </ClCompile>
    <ClCompile Include="..\..\..\..\..\..\lib\stm32hal_h7\stm32h7\STM32H7xx_HAL_Driver\Src\stm32h7xx_hal_usart_ex.c">
      <Filter>stm32h7\STM32H7xx_HAL_Driver\Src</Filter>
    </ClCompile>
    <ClCompile Include="..\..\..\..\..\..\lib\stm32hal_h7\stm32h7\STM32H7xx_HAL_Driver\Src\stm32h7xx_hal_wwdg.c">
      <Filter>stm32h7\STM32H7xx_HAL_Driver\Src</Filter>
    </ClCompile>
    <ClCompile Include="..\..\..\..\..\..\lib\stm32hal_h7\stm32h7\STM32H7xx_HAL_Driver\Src\stm32h7xx_ll_adc.c">
      <Filter>stm32h7\STM32H7xx_HAL_Driver\Src</Filter>
    </ClCompile>
    <ClCompile Include="..\..\..\..\..\..\lib\stm32hal_h7\stm32h7\STM32H7xx_HAL_Driver\Src\stm32h7xx_ll_bdma.c">
      <Filter>stm32h7\STM32H7xx_HAL_Driver\Src</Filter>
    </ClCompile>
    <ClCompile Include="..\..\..\..\..\..\lib\stm32hal_h7\stm32h7\STM32H7xx_HAL_Driver\Src\stm32h7xx_ll_comp.c">
      <Filter>stm32h7\STM32H7xx_HAL_Driver\Src</Filter>
    </ClCompile>
    <ClCompile Include="..\..\..\..\..\..\lib\stm32hal_h7\stm32h7\STM32H7xx_HAL_Driver\Src\stm32h7xx_ll_crc.c">
      <Filter>stm32h7\STM32H7xx_HAL_Driver\Src</Filter>
    </ClCompile>
    <ClCompile Include="..\..\..\..\..\..\lib\stm32hal_h7\stm32h7\STM32H7xx_HAL_Driver\Src\stm32h7xx_ll_dac.c">
      <Filter>stm32h7\STM32H7xx_HAL_Driver\Src</Filter>
    </ClCompile>
    <ClCompile Include="..\..\..\..\..\..\lib\stm32hal_h7\stm32h7\STM32H7xx_HAL_Driver\Src\stm32h7xx_ll_delayblock.c">
      <Filter>stm32h7\STM32H7xx_HAL_Driver\Src</Filter>
    </ClCompile>
    <ClCompile Include="..\..\..\..\..\..\lib\stm32hal_h7\stm32h7\STM32H7xx_HAL_Driver\Src\stm32h7xx_ll_dma.c">
      <Filter>stm32h7\STM32H7xx_HAL_Driver\Src</Filter>
    </ClCompile>
    <ClCompile Include="..\..\..\..\..\..\lib\stm32hal_h7\stm32h7\STM32H7xx_HAL_Driver\Src\stm32h7xx_ll_dma2d.c">
      <Filter>stm32h7\STM32H7xx_HAL_Driver\Src</Filter>
    </ClCompile>
    <ClCompile Include="..\..\..\..\..\..\lib\stm32hal_h7\stm32h7\STM32H7xx_HAL_Driver\Src\stm32h7xx_ll_exti.c">
      <Filter>stm32h7\STM32H7xx_HAL_Driver\Src</Filter>
    </ClCompile>
    <ClCompile Include="..\..\..\..\..\..\lib\stm32hal_h7\stm32h7\STM32H7xx_HAL_Driver\Src\stm32h7xx_ll_fmc.c">
      <Filter>stm32h7\STM32H7xx_HAL_Driver\Src</Filter>
    </ClCompile>
    <ClCompile Include="..\..\..\..\..\..\lib\stm32hal_h7\stm32h7\STM32H7xx_HAL_Driver\Src\stm32h7xx_ll_gpio.c">
      <Filter>stm32h7\STM32H7xx_HAL_Driver\Src</Filter>
    </ClCompile>
    <ClCompile Include="..\..\..\..\..\..\lib\stm32hal_h7\stm32h7\STM32H7xx_HAL_Driver\Src\stm32h7xx_ll_hrtim.c">
      <Filter>stm32h7\STM32H7xx_HAL_Driver\Src</Filter>
    </ClCompile>
    <ClCompile Include="..\..\..\..\..\..\lib\stm32hal_h7\stm32h7\STM32H7xx_HAL_Driver\Src\stm32h7xx_ll_i2c.c">
      <Filter>stm32h7\STM32H7xx_HAL_Driver\Src</Filter>
    </ClCompile>
    <ClCompile Include="..\..\..\..\..\..\lib\stm32hal_h7\stm32h7\STM32H7xx_HAL_Driver\Src\stm32h7xx_ll_lptim.c">
      <Filter>stm32h7\STM32H7xx_HAL_Driver\Src</Filter>
    </ClCompile>
    <ClCompile Include="..\..\..\..\..\..\lib\stm32hal_h7\stm32h7\STM32H7xx_HAL_Driver\Src\stm32h7xx_ll_lpuart.c">
      <Filter>stm32h7\STM32H7xx_HAL_Driver\Src</Filter>
    </ClCompile>
    <ClCompile Include="..\..\..\..\..\..\lib\stm32hal_h7\stm32h7\STM32H7xx_HAL_Driver\Src\stm32h7xx_ll_mdma.c">
      <Filter>stm32h7\STM32H7xx_HAL_Driver\Src</Filter>
    </ClCompile>
    <ClCompile Include="..\..\..\..\..\..\lib\stm32hal_h7\stm32h7\STM32H7xx_HAL_Driver\Src\stm32h7xx_ll_opamp.c">
      <Filter>stm32h7\STM32H7xx_HAL_Driver\Src</Filter>
    </ClCompile>
    <ClCompile Include="..\..\..\..\..\..\lib\stm32hal_h7\stm32h7\STM32H7xx_HAL_Driver\Src\stm32h7xx_ll_pwr.c">
      <Filter>stm32h7\STM32H7xx_HAL_Driver\Src</Filter>
    </ClCompile>
    <ClCompile Include="..\..\..\..\..\..\lib\stm32hal_h7\stm32h7\STM32H7xx_HAL_Driver\Src\stm32h7xx_ll_rcc.c">
      <Filter>stm32h7\STM32H7xx_HAL_Driver\Src</Filter>
    </ClCompile>
    <ClCompile Include="..\..\..\..\..\..\lib\stm32hal_h7\stm32h7\STM32H7xx_HAL_Driver\Src\stm32h7xx_ll_rng.c">
      <Filter>stm32h7\STM32H7xx_HAL_Driver\Src</Filter>
    </ClCompile>
    <ClCompile Include="..\..\..\..\..\..\lib\stm32hal_h7\stm32h7\STM32H7xx_HAL_Driver\Src\stm32h7xx_ll_rtc.c">
      <Filter>stm32h7\STM32H7xx_HAL_Driver\Src</Filter>
    </ClCompile>
    <ClCompile Include="..\..\..\..\..\..\lib\stm32hal_h7\stm32h7\STM32H7xx_HAL_Driver\Src\stm32h7xx_ll_sdmmc.c">
      <Filter>stm32h7\STM32H7xx_HAL_Driver\Src</Filter>
    </ClCompile>
    <ClCompile Include="..\..\..\..\..\..\lib\stm32hal_h7\stm32h7\STM32H7xx_HAL_Driver\Src\stm32h7xx_ll_spi.c">
      <Filter>stm32h7\STM32H7xx_HAL_Driver\Src</Filter>
    </ClCompile>
    <ClCompile Include="..\..\..\..\..\..\lib\stm32hal_h7\stm32h7\STM32H7xx_HAL_Driver\Src\stm32h7xx_ll_swpmi.c">
      <Filter>stm32h7\STM32H7xx_HAL_Driver\Src</Filter>
    </ClCompile>
    <ClCompile Include="..\..\..\..\..\..\lib\stm32hal_h7\stm32h7\STM32H7xx_HAL_Driver\Src\stm32h7xx_ll_tim.c">
      <Filter>stm32h7\STM32H7xx_HAL_Driver\Src</Filter>
    </ClCompile>
    <ClCompile Include="..\..\..\..\..\..\lib\stm32hal_h7\stm32h7\STM32H7xx_HAL_Driver\Src\stm32h7xx_ll_usart.c">
      <Filter>stm32h7\STM32H7xx_HAL_Driver\Src</Filter>
    </ClCompile>
    <ClCompile Include="..\..\..\..\..\..\lib\stm32hal_h7\stm32h7\STM32H7xx_HAL_Driver\Src\stm32h7xx_ll_usb.c">
      <Filter>stm32h7\STM32H7xx_HAL_Driver\Src</Filter>
    </ClCompile>
    <ClCompile Include="..\..\..\..\..\..\lib\stm32hal_h7\stm32h7\STM32H7xx_HAL_Driver\Src\stm32h7xx_ll_utils.c">
      <Filter>stm32h7\STM32H7xx_HAL_Driver\Src</Filter>
    </ClCompile>
  </ItemGroup>
  <ItemGroup>
    <ClInclude Include="..\..\..\..\..\..\lib\stm32hal_h7\stm32h7\Device\include\stm32h742xx.h">
      <Filter>stm32h7\Device\include</Filter>
    </ClInclude>
    <ClInclude Include="..\..\..\..\..\..\lib\stm32hal_h7\stm32h7\Device\include\stm32h743xx.h">
      <Filter>stm32h7\Device\include</Filter>
    </ClInclude>
    <ClInclude Include="..\..\..\..\..\..\lib\stm32hal_h7\stm32h7\Device\include\stm32h745xx.h">
      <Filter>stm32h7\Device\include</Filter>
    </ClInclude>
    <ClInclude Include="..\..\..\..\..\..\lib\stm32hal_h7\stm32h7\Device\include\stm32h747xx.h">
      <Filter>stm32h7\Device\include</Filter>
    </ClInclude>
    <ClInclude Include="..\..\..\..\..\..\lib\stm32hal_h7\stm32h7\Device\include\stm32h750xx.h">
      <Filter>stm32h7\Device\include</Filter>
    </ClInclude>
    <ClInclude Include="..\..\..\..\..\..\lib\stm32hal_h7\stm32h7\Device\include\stm32h753xx.h">
      <Filter>stm32h7\Device\include</Filter>
    </ClInclude>
    <ClInclude Include="..\..\..\..\..\..\lib\stm32hal_h7\stm32h7\Device\include\stm32h755xx.h">
      <Filter>stm32h7\Device\include</Filter>
    </ClInclude>
    <ClInclude Include="..\..\..\..\..\..\lib\stm32hal_h7\stm32h7\Device\include\stm32h757xx.h">
      <Filter>stm32h7\Device\include</Filter>
    </ClInclude>
  </ItemGroup>
</Project>